// !$*UTF8*$!
{
	archiveVersion = 1;
	classes = {
	};
	objectVersion = 46;
	objects = {

/* Begin PBXBuildFile section */
		D90022461CDC0FCE006FDE75 /* main.m in Sources */ = {isa = PBXBuildFile; fileRef = D90022451CDC0FCE006FDE75 /* main.m */; };
		D90022491CDC0FCE006FDE75 /* AppDelegate.m in Sources */ = {isa = PBXBuildFile; fileRef = D90022481CDC0FCE006FDE75 /* AppDelegate.m */; };
		D900224C1CDC0FCE006FDE75 /* ViewController.m in Sources */ = {isa = PBXBuildFile; fileRef = D900224B1CDC0FCE006FDE75 /* ViewController.m */; };
		D900224F1CDC0FCE006FDE75 /* Main.storyboard in Resources */ = {isa = PBXBuildFile; fileRef = D900224D1CDC0FCE006FDE75 /* Main.storyboard */; };
		D90022511CDC0FCE006FDE75 /* Assets.xcassets in Resources */ = {isa = PBXBuildFile; fileRef = D90022501CDC0FCE006FDE75 /* Assets.xcassets */; };
		D90022541CDC0FCE006FDE75 /* LaunchScreen.storyboard in Resources */ = {isa = PBXBuildFile; fileRef = D90022521CDC0FCE006FDE75 /* LaunchScreen.storyboard */; };
		D900225F1CDC0FCE006FDE75 /* DynamicTypeAlphaTests.m in Sources */ = {isa = PBXBuildFile; fileRef = D900225E1CDC0FCE006FDE75 /* DynamicTypeAlphaTests.m */; };
		D900226A1CDC0FCE006FDE75 /* DynamicTypeAlphaUITests.m in Sources */ = {isa = PBXBuildFile; fileRef = D90022691CDC0FCE006FDE75 /* DynamicTypeAlphaUITests.m */; };
		D90022791CDC1211006FDE75 /* CUNKTextStyleResponder.m in Sources */ = {isa = PBXBuildFile; fileRef = D90022781CDC1211006FDE75 /* CUNKTextStyleResponder.m */; };
/* End PBXBuildFile section */

/* Begin PBXContainerItemProxy section */
		D900225B1CDC0FCE006FDE75 /* PBXContainerItemProxy */ = {
			isa = PBXContainerItemProxy;
			containerPortal = D90022391CDC0FCE006FDE75 /* Project object */;
			proxyType = 1;
			remoteGlobalIDString = D90022401CDC0FCE006FDE75;
			remoteInfo = DynamicTypeAlpha;
		};
		D90022661CDC0FCE006FDE75 /* PBXContainerItemProxy */ = {
			isa = PBXContainerItemProxy;
			containerPortal = D90022391CDC0FCE006FDE75 /* Project object */;
			proxyType = 1;
			remoteGlobalIDString = D90022401CDC0FCE006FDE75;
			remoteInfo = DynamicTypeAlpha;
		};
/* End PBXContainerItemProxy section */

/* Begin PBXFileReference section */
		D90022411CDC0FCE006FDE75 /* DynamicTypeAlpha.app */ = {isa = PBXFileReference; explicitFileType = wrapper.application; includeInIndex = 0; path = DynamicTypeAlpha.app; sourceTree = BUILT_PRODUCTS_DIR; };
		D90022451CDC0FCE006FDE75 /* main.m */ = {isa = PBXFileReference; lastKnownFileType = sourcecode.c.objc; path = main.m; sourceTree = "<group>"; };
		D90022471CDC0FCE006FDE75 /* AppDelegate.h */ = {isa = PBXFileReference; lastKnownFileType = sourcecode.c.h; path = AppDelegate.h; sourceTree = "<group>"; };
		D90022481CDC0FCE006FDE75 /* AppDelegate.m */ = {isa = PBXFileReference; lastKnownFileType = sourcecode.c.objc; path = AppDelegate.m; sourceTree = "<group>"; };
		D900224A1CDC0FCE006FDE75 /* ViewController.h */ = {isa = PBXFileReference; lastKnownFileType = sourcecode.c.h; path = ViewController.h; sourceTree = "<group>"; };
		D900224B1CDC0FCE006FDE75 /* ViewController.m */ = {isa = PBXFileReference; lastKnownFileType = sourcecode.c.objc; path = ViewController.m; sourceTree = "<group>"; };
		D900224E1CDC0FCE006FDE75 /* Base */ = {isa = PBXFileReference; lastKnownFileType = file.storyboard; name = Base; path = Base.lproj/Main.storyboard; sourceTree = "<group>"; };
		D90022501CDC0FCE006FDE75 /* Assets.xcassets */ = {isa = PBXFileReference; lastKnownFileType = folder.assetcatalog; path = Assets.xcassets; sourceTree = "<group>"; };
		D90022531CDC0FCE006FDE75 /* Base */ = {isa = PBXFileReference; lastKnownFileType = file.storyboard; name = Base; path = Base.lproj/LaunchScreen.storyboard; sourceTree = "<group>"; };
		D90022551CDC0FCE006FDE75 /* Info.plist */ = {isa = PBXFileReference; lastKnownFileType = text.plist.xml; path = Info.plist; sourceTree = "<group>"; };
		D900225A1CDC0FCE006FDE75 /* DynamicTypeAlphaTests.xctest */ = {isa = PBXFileReference; explicitFileType = wrapper.cfbundle; includeInIndex = 0; path = DynamicTypeAlphaTests.xctest; sourceTree = BUILT_PRODUCTS_DIR; };
		D900225E1CDC0FCE006FDE75 /* DynamicTypeAlphaTests.m */ = {isa = PBXFileReference; lastKnownFileType = sourcecode.c.objc; path = DynamicTypeAlphaTests.m; sourceTree = "<group>"; };
		D90022601CDC0FCE006FDE75 /* Info.plist */ = {isa = PBXFileReference; lastKnownFileType = text.plist.xml; path = Info.plist; sourceTree = "<group>"; };
		D90022651CDC0FCE006FDE75 /* DynamicTypeAlphaUITests.xctest */ = {isa = PBXFileReference; explicitFileType = wrapper.cfbundle; includeInIndex = 0; path = DynamicTypeAlphaUITests.xctest; sourceTree = BUILT_PRODUCTS_DIR; };
		D90022691CDC0FCE006FDE75 /* DynamicTypeAlphaUITests.m */ = {isa = PBXFileReference; lastKnownFileType = sourcecode.c.objc; path = DynamicTypeAlphaUITests.m; sourceTree = "<group>"; };
		D900226B1CDC0FCE006FDE75 /* Info.plist */ = {isa = PBXFileReference; lastKnownFileType = text.plist.xml; path = Info.plist; sourceTree = "<group>"; };
		D90022771CDC1211006FDE75 /* CUNKTextStyleResponder.h */ = {isa = PBXFileReference; fileEncoding = 4; lastKnownFileType = sourcecode.c.h; path = CUNKTextStyleResponder.h; sourceTree = "<group>"; };
		D90022781CDC1211006FDE75 /* CUNKTextStyleResponder.m */ = {isa = PBXFileReference; fileEncoding = 4; lastKnownFileType = sourcecode.c.objc; path = CUNKTextStyleResponder.m; sourceTree = "<group>"; };
/* End PBXFileReference section */

/* Begin PBXFrameworksBuildPhase section */
		D900223E1CDC0FCE006FDE75 /* Frameworks */ = {
			isa = PBXFrameworksBuildPhase;
			buildActionMask = 2147483647;
			files = (
			);
			runOnlyForDeploymentPostprocessing = 0;
		};
		D90022571CDC0FCE006FDE75 /* Frameworks */ = {
			isa = PBXFrameworksBuildPhase;
			buildActionMask = 2147483647;
			files = (
			);
			runOnlyForDeploymentPostprocessing = 0;
		};
		D90022621CDC0FCE006FDE75 /* Frameworks */ = {
			isa = PBXFrameworksBuildPhase;
			buildActionMask = 2147483647;
			files = (
			);
			runOnlyForDeploymentPostprocessing = 0;
		};
/* End PBXFrameworksBuildPhase section */

/* Begin PBXGroup section */
		D90022381CDC0FCE006FDE75 = {
			isa = PBXGroup;
			children = (
				D90022431CDC0FCE006FDE75 /* DynamicTypeAlpha */,
				D900225D1CDC0FCE006FDE75 /* DynamicTypeAlphaTests */,
				D90022681CDC0FCE006FDE75 /* DynamicTypeAlphaUITests */,
				D90022421CDC0FCE006FDE75 /* Products */,
			);
			sourceTree = "<group>";
		};
		D90022421CDC0FCE006FDE75 /* Products */ = {
			isa = PBXGroup;
			children = (
				D90022411CDC0FCE006FDE75 /* DynamicTypeAlpha.app */,
				D900225A1CDC0FCE006FDE75 /* DynamicTypeAlphaTests.xctest */,
				D90022651CDC0FCE006FDE75 /* DynamicTypeAlphaUITests.xctest */,
			);
			name = Products;
			sourceTree = "<group>";
		};
		D90022431CDC0FCE006FDE75 /* DynamicTypeAlpha */ = {
			isa = PBXGroup;
			children = (
				D90022471CDC0FCE006FDE75 /* AppDelegate.h */,
				D90022481CDC0FCE006FDE75 /* AppDelegate.m */,
				D900224A1CDC0FCE006FDE75 /* ViewController.h */,
				D900224B1CDC0FCE006FDE75 /* ViewController.m */,
				D90022771CDC1211006FDE75 /* CUNKTextStyleResponder.h */,
				D90022781CDC1211006FDE75 /* CUNKTextStyleResponder.m */,
				D900224D1CDC0FCE006FDE75 /* Main.storyboard */,
				D90022501CDC0FCE006FDE75 /* Assets.xcassets */,
				D90022521CDC0FCE006FDE75 /* LaunchScreen.storyboard */,
				D90022551CDC0FCE006FDE75 /* Info.plist */,
				D90022441CDC0FCE006FDE75 /* Supporting Files */,
			);
			path = DynamicTypeAlpha;
			sourceTree = "<group>";
		};
		D90022441CDC0FCE006FDE75 /* Supporting Files */ = {
			isa = PBXGroup;
			children = (
				D90022451CDC0FCE006FDE75 /* main.m */,
			);
			name = "Supporting Files";
			sourceTree = "<group>";
		};
		D900225D1CDC0FCE006FDE75 /* DynamicTypeAlphaTests */ = {
			isa = PBXGroup;
			children = (
				D900225E1CDC0FCE006FDE75 /* DynamicTypeAlphaTests.m */,
				D90022601CDC0FCE006FDE75 /* Info.plist */,
			);
			path = DynamicTypeAlphaTests;
			sourceTree = "<group>";
		};
		D90022681CDC0FCE006FDE75 /* DynamicTypeAlphaUITests */ = {
			isa = PBXGroup;
			children = (
				D90022691CDC0FCE006FDE75 /* DynamicTypeAlphaUITests.m */,
				D900226B1CDC0FCE006FDE75 /* Info.plist */,
			);
			path = DynamicTypeAlphaUITests;
			sourceTree = "<group>";
		};
/* End PBXGroup section */

/* Begin PBXNativeTarget section */
		D90022401CDC0FCE006FDE75 /* DynamicTypeAlpha */ = {
			isa = PBXNativeTarget;
			buildConfigurationList = D900226E1CDC0FCE006FDE75 /* Build configuration list for PBXNativeTarget "DynamicTypeAlpha" */;
			buildPhases = (
				D900223D1CDC0FCE006FDE75 /* Sources */,
				D900223E1CDC0FCE006FDE75 /* Frameworks */,
				D900223F1CDC0FCE006FDE75 /* Resources */,
			);
			buildRules = (
			);
			dependencies = (
			);
			name = DynamicTypeAlpha;
			productName = DynamicTypeAlpha;
			productReference = D90022411CDC0FCE006FDE75 /* DynamicTypeAlpha.app */;
			productType = "com.apple.product-type.application";
		};
		D90022591CDC0FCE006FDE75 /* DynamicTypeAlphaTests */ = {
			isa = PBXNativeTarget;
			buildConfigurationList = D90022711CDC0FCE006FDE75 /* Build configuration list for PBXNativeTarget "DynamicTypeAlphaTests" */;
			buildPhases = (
				D90022561CDC0FCE006FDE75 /* Sources */,
				D90022571CDC0FCE006FDE75 /* Frameworks */,
				D90022581CDC0FCE006FDE75 /* Resources */,
			);
			buildRules = (
			);
			dependencies = (
				D900225C1CDC0FCE006FDE75 /* PBXTargetDependency */,
			);
			name = DynamicTypeAlphaTests;
			productName = DynamicTypeAlphaTests;
			productReference = D900225A1CDC0FCE006FDE75 /* DynamicTypeAlphaTests.xctest */;
			productType = "com.apple.product-type.bundle.unit-test";
		};
		D90022641CDC0FCE006FDE75 /* DynamicTypeAlphaUITests */ = {
			isa = PBXNativeTarget;
			buildConfigurationList = D90022741CDC0FCE006FDE75 /* Build configuration list for PBXNativeTarget "DynamicTypeAlphaUITests" */;
			buildPhases = (
				D90022611CDC0FCE006FDE75 /* Sources */,
				D90022621CDC0FCE006FDE75 /* Frameworks */,
				D90022631CDC0FCE006FDE75 /* Resources */,
			);
			buildRules = (
			);
			dependencies = (
				D90022671CDC0FCE006FDE75 /* PBXTargetDependency */,
			);
			name = DynamicTypeAlphaUITests;
			productName = DynamicTypeAlphaUITests;
			productReference = D90022651CDC0FCE006FDE75 /* DynamicTypeAlphaUITests.xctest */;
			productType = "com.apple.product-type.bundle.ui-testing";
		};
/* End PBXNativeTarget section */

/* Begin PBXProject section */
		D90022391CDC0FCE006FDE75 /* Project object */ = {
			isa = PBXProject;
			attributes = {
				LastUpgradeCheck = 0730;
				ORGANIZATIONNAME = "Corporation Unknown";
				TargetAttributes = {
					D90022401CDC0FCE006FDE75 = {
						CreatedOnToolsVersion = 7.3;
					};
					D90022591CDC0FCE006FDE75 = {
						CreatedOnToolsVersion = 7.3;
						TestTargetID = D90022401CDC0FCE006FDE75;
					};
					D90022641CDC0FCE006FDE75 = {
						CreatedOnToolsVersion = 7.3;
						TestTargetID = D90022401CDC0FCE006FDE75;
					};
				};
			};
			buildConfigurationList = D900223C1CDC0FCE006FDE75 /* Build configuration list for PBXProject "DynamicTypeAlpha" */;
			compatibilityVersion = "Xcode 3.2";
			developmentRegion = English;
			hasScannedForEncodings = 0;
			knownRegions = (
				en,
				Base,
			);
			mainGroup = D90022381CDC0FCE006FDE75;
			productRefGroup = D90022421CDC0FCE006FDE75 /* Products */;
			projectDirPath = "";
			projectRoot = "";
			targets = (
				D90022401CDC0FCE006FDE75 /* DynamicTypeAlpha */,
				D90022591CDC0FCE006FDE75 /* DynamicTypeAlphaTests */,
				D90022641CDC0FCE006FDE75 /* DynamicTypeAlphaUITests */,
			);
		};
/* End PBXProject section */

/* Begin PBXResourcesBuildPhase section */
		D900223F1CDC0FCE006FDE75 /* Resources */ = {
			isa = PBXResourcesBuildPhase;
			buildActionMask = 2147483647;
			files = (
				D90022541CDC0FCE006FDE75 /* LaunchScreen.storyboard in Resources */,
				D90022511CDC0FCE006FDE75 /* Assets.xcassets in Resources */,
				D900224F1CDC0FCE006FDE75 /* Main.storyboard in Resources */,
			);
			runOnlyForDeploymentPostprocessing = 0;
		};
		D90022581CDC0FCE006FDE75 /* Resources */ = {
			isa = PBXResourcesBuildPhase;
			buildActionMask = 2147483647;
			files = (
			);
			runOnlyForDeploymentPostprocessing = 0;
		};
		D90022631CDC0FCE006FDE75 /* Resources */ = {
			isa = PBXResourcesBuildPhase;
			buildActionMask = 2147483647;
			files = (
			);
			runOnlyForDeploymentPostprocessing = 0;
		};
/* End PBXResourcesBuildPhase section */

/* Begin PBXSourcesBuildPhase section */
		D900223D1CDC0FCE006FDE75 /* Sources */ = {
			isa = PBXSourcesBuildPhase;
			buildActionMask = 2147483647;
			files = (
				D90022791CDC1211006FDE75 /* CUNKTextStyleResponder.m in Sources */,
				D900224C1CDC0FCE006FDE75 /* ViewController.m in Sources */,
				D90022491CDC0FCE006FDE75 /* AppDelegate.m in Sources */,
				D90022461CDC0FCE006FDE75 /* main.m in Sources */,
			);
			runOnlyForDeploymentPostprocessing = 0;
		};
		D90022561CDC0FCE006FDE75 /* Sources */ = {
			isa = PBXSourcesBuildPhase;
			buildActionMask = 2147483647;
			files = (
				D900225F1CDC0FCE006FDE75 /* DynamicTypeAlphaTests.m in Sources */,
			);
			runOnlyForDeploymentPostprocessing = 0;
		};
		D90022611CDC0FCE006FDE75 /* Sources */ = {
			isa = PBXSourcesBuildPhase;
			buildActionMask = 2147483647;
			files = (
				D900226A1CDC0FCE006FDE75 /* DynamicTypeAlphaUITests.m in Sources */,
			);
			runOnlyForDeploymentPostprocessing = 0;
		};
/* End PBXSourcesBuildPhase section */

/* Begin PBXTargetDependency section */
		D900225C1CDC0FCE006FDE75 /* PBXTargetDependency */ = {
			isa = PBXTargetDependency;
			target = D90022401CDC0FCE006FDE75 /* DynamicTypeAlpha */;
			targetProxy = D900225B1CDC0FCE006FDE75 /* PBXContainerItemProxy */;
		};
		D90022671CDC0FCE006FDE75 /* PBXTargetDependency */ = {
			isa = PBXTargetDependency;
			target = D90022401CDC0FCE006FDE75 /* DynamicTypeAlpha */;
			targetProxy = D90022661CDC0FCE006FDE75 /* PBXContainerItemProxy */;
		};
/* End PBXTargetDependency section */

/* Begin PBXVariantGroup section */
		D900224D1CDC0FCE006FDE75 /* Main.storyboard */ = {
			isa = PBXVariantGroup;
			children = (
				D900224E1CDC0FCE006FDE75 /* Base */,
			);
			name = Main.storyboard;
			sourceTree = "<group>";
		};
		D90022521CDC0FCE006FDE75 /* LaunchScreen.storyboard */ = {
			isa = PBXVariantGroup;
			children = (
				D90022531CDC0FCE006FDE75 /* Base */,
			);
			name = LaunchScreen.storyboard;
			sourceTree = "<group>";
		};
/* End PBXVariantGroup section */

/* Begin XCBuildConfiguration section */
		D900226C1CDC0FCE006FDE75 /* Debug */ = {
			isa = XCBuildConfiguration;
			buildSettings = {
				ALWAYS_SEARCH_USER_PATHS = NO;
				CLANG_ANALYZER_NONNULL = YES;
				CLANG_CXX_LANGUAGE_STANDARD = "gnu++0x";
				CLANG_CXX_LIBRARY = "libc++";
				CLANG_ENABLE_MODULES = YES;
				CLANG_ENABLE_OBJC_ARC = YES;
				CLANG_WARN_BOOL_CONVERSION = YES;
				CLANG_WARN_CONSTANT_CONVERSION = YES;
				CLANG_WARN_DIRECT_OBJC_ISA_USAGE = YES_ERROR;
				CLANG_WARN_EMPTY_BODY = YES;
				CLANG_WARN_ENUM_CONVERSION = YES;
				CLANG_WARN_INT_CONVERSION = YES;
				CLANG_WARN_OBJC_ROOT_CLASS = YES_ERROR;
				CLANG_WARN_UNREACHABLE_CODE = YES;
				CLANG_WARN__DUPLICATE_METHOD_MATCH = YES;
				"CODE_SIGN_IDENTITY[sdk=iphoneos*]" = "iPhone Developer";
				COPY_PHASE_STRIP = NO;
				DEBUG_INFORMATION_FORMAT = dwarf;
				ENABLE_STRICT_OBJC_MSGSEND = YES;
				ENABLE_TESTABILITY = YES;
				GCC_C_LANGUAGE_STANDARD = gnu99;
				GCC_DYNAMIC_NO_PIC = NO;
				GCC_NO_COMMON_BLOCKS = YES;
				GCC_OPTIMIZATION_LEVEL = 0;
				GCC_PREPROCESSOR_DEFINITIONS = (
					"DEBUG=1",
					"$(inherited)",
				);
				GCC_WARN_64_TO_32_BIT_CONVERSION = YES;
				GCC_WARN_ABOUT_RETURN_TYPE = YES_ERROR;
				GCC_WARN_UNDECLARED_SELECTOR = YES;
				GCC_WARN_UNINITIALIZED_AUTOS = YES_AGGRESSIVE;
				GCC_WARN_UNUSED_FUNCTION = YES;
				GCC_WARN_UNUSED_VARIABLE = YES;
				IPHONEOS_DEPLOYMENT_TARGET = 9.3;
				MTL_ENABLE_DEBUG_INFO = YES;
				ONLY_ACTIVE_ARCH = YES;
				SDKROOT = iphoneos;
				TARGETED_DEVICE_FAMILY = "1,2";
			};
			name = Debug;
		};
		D900226D1CDC0FCE006FDE75 /* Release */ = {
			isa = XCBuildConfiguration;
			buildSettings = {
				ALWAYS_SEARCH_USER_PATHS = NO;
				CLANG_ANALYZER_NONNULL = YES;
				CLANG_CXX_LANGUAGE_STANDARD = "gnu++0x";
				CLANG_CXX_LIBRARY = "libc++";
				CLANG_ENABLE_MODULES = YES;
				CLANG_ENABLE_OBJC_ARC = YES;
				CLANG_WARN_BOOL_CONVERSION = YES;
				CLANG_WARN_CONSTANT_CONVERSION = YES;
				CLANG_WARN_DIRECT_OBJC_ISA_USAGE = YES_ERROR;
				CLANG_WARN_EMPTY_BODY = YES;
				CLANG_WARN_ENUM_CONVERSION = YES;
				CLANG_WARN_INT_CONVERSION = YES;
				CLANG_WARN_OBJC_ROOT_CLASS = YES_ERROR;
				CLANG_WARN_UNREACHABLE_CODE = YES;
				CLANG_WARN__DUPLICATE_METHOD_MATCH = YES;
				"CODE_SIGN_IDENTITY[sdk=iphoneos*]" = "iPhone Developer";
				COPY_PHASE_STRIP = NO;
				DEBUG_INFORMATION_FORMAT = "dwarf-with-dsym";
				ENABLE_NS_ASSERTIONS = NO;
				ENABLE_STRICT_OBJC_MSGSEND = YES;
				GCC_C_LANGUAGE_STANDARD = gnu99;
				GCC_NO_COMMON_BLOCKS = YES;
				GCC_WARN_64_TO_32_BIT_CONVERSION = YES;
				GCC_WARN_ABOUT_RETURN_TYPE = YES_ERROR;
				GCC_WARN_UNDECLARED_SELECTOR = YES;
				GCC_WARN_UNINITIALIZED_AUTOS = YES_AGGRESSIVE;
				GCC_WARN_UNUSED_FUNCTION = YES;
				GCC_WARN_UNUSED_VARIABLE = YES;
				IPHONEOS_DEPLOYMENT_TARGET = 9.3;
				MTL_ENABLE_DEBUG_INFO = NO;
				SDKROOT = iphoneos;
				TARGETED_DEVICE_FAMILY = "1,2";
				VALIDATE_PRODUCT = YES;
			};
			name = Release;
		};
		D900226F1CDC0FCE006FDE75 /* Debug */ = {
			isa = XCBuildConfiguration;
			buildSettings = {
				ASSETCATALOG_COMPILER_APPICON_NAME = AppIcon;
				INFOPLIST_FILE = DynamicTypeAlpha/Info.plist;
				LD_RUNPATH_SEARCH_PATHS = "$(inherited) @executable_path/Frameworks";
				PRODUCT_BUNDLE_IDENTIFIER = com.corporatiounknown.DynamicTypeAlpha;
				PRODUCT_NAME = "$(TARGET_NAME)";
			};
			name = Debug;
		};
		D90022701CDC0FCE006FDE75 /* Release */ = {
			isa = XCBuildConfiguration;
			buildSettings = {
				ASSETCATALOG_COMPILER_APPICON_NAME = AppIcon;
				INFOPLIST_FILE = DynamicTypeAlpha/Info.plist;
				LD_RUNPATH_SEARCH_PATHS = "$(inherited) @executable_path/Frameworks";
				PRODUCT_BUNDLE_IDENTIFIER = com.corporatiounknown.DynamicTypeAlpha;
				PRODUCT_NAME = "$(TARGET_NAME)";
			};
			name = Release;
		};
		D90022721CDC0FCE006FDE75 /* Debug */ = {
			isa = XCBuildConfiguration;
			buildSettings = {
				BUNDLE_LOADER = "$(TEST_HOST)";
				INFOPLIST_FILE = DynamicTypeAlphaTests/Info.plist;
				LD_RUNPATH_SEARCH_PATHS = "$(inherited) @executable_path/Frameworks @loader_path/Frameworks";
				PRODUCT_BUNDLE_IDENTIFIER = com.corporatiounknown.DynamicTypeAlphaTests;
				PRODUCT_NAME = "$(TARGET_NAME)";
				TEST_HOST = "$(BUILT_PRODUCTS_DIR)/DynamicTypeAlpha.app/DynamicTypeAlpha";
			};
			name = Debug;
		};
		D90022731CDC0FCE006FDE75 /* Release */ = {
			isa = XCBuildConfiguration;
			buildSettings = {
				BUNDLE_LOADER = "$(TEST_HOST)";
				INFOPLIST_FILE = DynamicTypeAlphaTests/Info.plist;
				LD_RUNPATH_SEARCH_PATHS = "$(inherited) @executable_path/Frameworks @loader_path/Frameworks";
				PRODUCT_BUNDLE_IDENTIFIER = com.corporatiounknown.DynamicTypeAlphaTests;
				PRODUCT_NAME = "$(TARGET_NAME)";
				TEST_HOST = "$(BUILT_PRODUCTS_DIR)/DynamicTypeAlpha.app/DynamicTypeAlpha";
			};
			name = Release;
		};
		D90022751CDC0FCE006FDE75 /* Debug */ = {
			isa = XCBuildConfiguration;
			buildSettings = {
				INFOPLIST_FILE = DynamicTypeAlphaUITests/Info.plist;
				LD_RUNPATH_SEARCH_PATHS = "$(inherited) @executable_path/Frameworks @loader_path/Frameworks";
				PRODUCT_BUNDLE_IDENTIFIER = com.corporatiounknown.DynamicTypeAlphaUITests;
				PRODUCT_NAME = "$(TARGET_NAME)";
				TEST_TARGET_NAME = DynamicTypeAlpha;
			};
			name = Debug;
		};
		D90022761CDC0FCE006FDE75 /* Release */ = {
			isa = XCBuildConfiguration;
			buildSettings = {
				INFOPLIST_FILE = DynamicTypeAlphaUITests/Info.plist;
				LD_RUNPATH_SEARCH_PATHS = "$(inherited) @executable_path/Frameworks @loader_path/Frameworks";
				PRODUCT_BUNDLE_IDENTIFIER = com.corporatiounknown.DynamicTypeAlphaUITests;
				PRODUCT_NAME = "$(TARGET_NAME)";
				TEST_TARGET_NAME = DynamicTypeAlpha;
			};
			name = Release;
		};
/* End XCBuildConfiguration section */

/* Begin XCConfigurationList section */
		D900223C1CDC0FCE006FDE75 /* Build configuration list for PBXProject "DynamicTypeAlpha" */ = {
			isa = XCConfigurationList;
			buildConfigurations = (
				D900226C1CDC0FCE006FDE75 /* Debug */,
				D900226D1CDC0FCE006FDE75 /* Release */,
			);
			defaultConfigurationIsVisible = 0;
			defaultConfigurationName = Release;
		};
		D900226E1CDC0FCE006FDE75 /* Build configuration list for PBXNativeTarget "DynamicTypeAlpha" */ = {
			isa = XCConfigurationList;
			buildConfigurations = (
				D900226F1CDC0FCE006FDE75 /* Debug */,
				D90022701CDC0FCE006FDE75 /* Release */,
			);
			defaultConfigurationIsVisible = 0;
			defaultConfigurationName = Release;
		};
		D90022711CDC0FCE006FDE75 /* Build configuration list for PBXNativeTarget "DynamicTypeAlphaTests" */ = {
			isa = XCConfigurationList;
			buildConfigurations = (
				D90022721CDC0FCE006FDE75 /* Debug */,
				D90022731CDC0FCE006FDE75 /* Release */,
			);
			defaultConfigurationIsVisible = 0;
			defaultConfigurationName = Release;
		};
		D90022741CDC0FCE006FDE75 /* Build configuration list for PBXNativeTarget "DynamicTypeAlphaUITests" */ = {
			isa = XCConfigurationList;
			buildConfigurations = (
				D90022751CDC0FCE006FDE75 /* Debug */,
				D90022761CDC0FCE006FDE75 /* Release */,
			);
			defaultConfigurationIsVisible = 0;
			defaultConfigurationName = Release;
		};
/* End XCConfigurationList section */
	};
	rootObject = D90022391CDC0FCE006FDE75 /* Project object */;
}
